
Microsoft Visual Studio Solution File, Format Version 12.00
# Visual Studio Version 17
VisualStudioVersion = 17.9.34607.119
MinimumVisualStudioVersion = 10.0.40219.1
Project("{FAE04EC0-301F-11D3-BF4B-00C04F79EFBC}") = "Imagem", "Imagem\Imagem.csproj", "{650D7155-6F8C-409D-B333-3E2531F4FBDB}"
EndProject
Global
	GlobalSection(SolutionConfigurationPlatforms) = preSolution
		Debug|Any CPU = Debug|Any CPU
		Release|Any CPU = Release|Any CPU
	EndGlobalSection
	GlobalSection(ProjectConfigurationPlatforms) = postSolution
		{650D7155-6F8C-409D-B333-3E2531F4FBDB}.Debug|Any CPU.ActiveCfg = Debug|Any CPU
		{650D7155-6F8C-409D-B333-3E2531F4FBDB}.Debug|Any CPU.Build.0 = Debug|Any CPU
		{650D7155-6F8C-409D-B333-3E2531F4FBDB}.Release|Any CPU.ActiveCfg = Release|Any CPU
		{650D7155-6F8C-409D-B333-3E2531F4FBDB}.Release|Any CPU.Build.0 = Release|Any CPU
	EndGlobalSection
	GlobalSection(SolutionProperties) = preSolution
		HideSolutionNode = FALSE
	EndGlobalSection
	GlobalSection(ExtensibilityGlobals) = postSolution
		SolutionGuid = {B7C9CE40-57B0-4009-9F0B-D0FCD9A7F3EB}
	EndGlobalSection
EndGlobal
